// !$*UTF8*$!
{
	archiveVersion = 1;
	classes = {
	};
	objectVersion = 55;
	objects = {

/* Begin PBXBuildFile section */
		41EC2C23C70D883CAD81C70E /* Pods_TGObjcDemo.framework in Frameworks */ = {isa = PBXBuildFile; fileRef = C957C4051A589FEA101BB2CC /* Pods_TGObjcDemo.framework */; };
		9E0D435F27EC5F270074B761 /* AppDelegate.m in Sources */ = {isa = PBXBuildFile; fileRef = 9E0D435E27EC5F270074B761 /* AppDelegate.m */; };
		9E0D436227EC5F270074B761 /* SceneDelegate.m in Sources */ = {isa = PBXBuildFile; fileRef = 9E0D436127EC5F270074B761 /* SceneDelegate.m */; };
		9E0D436527EC5F270074B761 /* ViewController.m in Sources */ = {isa = PBXBuildFile; fileRef = 9E0D436427EC5F270074B761 /* ViewController.m */; };
		9E0D436827EC5F270074B761 /* Main.storyboard in Resources */ = {isa = PBXBuildFile; fileRef = 9E0D436627EC5F270074B761 /* Main.storyboard */; };
		9E0D436A27EC5F280074B761 /* Assets.xcassets in Resources */ = {isa = PBXBuildFile; fileRef = 9E0D436927EC5F280074B761 /* Assets.xcassets */; };
		9E0D436D27EC5F280074B761 /* LaunchScreen.storyboard in Resources */ = {isa = PBXBuildFile; fileRef = 9E0D436B27EC5F280074B761 /* LaunchScreen.storyboard */; };
		9E0D437027EC5F280074B761 /* main.m in Sources */ = {isa = PBXBuildFile; fileRef = 9E0D436F27EC5F280074B761 /* main.m */; };
		9E8AB22227F144850081D9E2 /* SubjectSubController.m in Sources */ = {isa = PBXBuildFile; fileRef = 9E8AB22127F144850081D9E2 /* SubjectSubController.m */; };
		9EEE843827ED9EAC00E3E948 /* RACSubjectViewController.m in Sources */ = {isa = PBXBuildFile; fileRef = 9EEE843727ED9EAC00E3E948 /* RACSubjectViewController.m */; };
		9EEE843B27ED9ED100E3E948 /* TGDataItem.m in Sources */ = {isa = PBXBuildFile; fileRef = 9EEE843A27ED9ED100E3E948 /* TGDataItem.m */; };
		9EEE843E27EDA7A500E3E948 /* RacListTableViewController.m in Sources */ = {isa = PBXBuildFile; fileRef = 9EEE843D27EDA7A500E3E948 /* RacListTableViewController.m */; };
/* End PBXBuildFile section */

/* Begin PBXFileReference section */
		5E98E73A19FCA9C51AA4E0D6 /* Pods-TGObjcDemo.debug.xcconfig */ = {isa = PBXFileReference; includeInIndex = 1; lastKnownFileType = text.xcconfig; name = "Pods-TGObjcDemo.debug.xcconfig"; path = "Target Support Files/Pods-TGObjcDemo/Pods-TGObjcDemo.debug.xcconfig"; sourceTree = "<group>"; };
		9E0D435A27EC5F270074B761 /* TGObjcDemo.app */ = {isa = PBXFileReference; explicitFileType = wrapper.application; includeInIndex = 0; path = TGObjcDemo.app; sourceTree = BUILT_PRODUCTS_DIR; };
		9E0D435D27EC5F270074B761 /* AppDelegate.h */ = {isa = PBXFileReference; lastKnownFileType = sourcecode.c.h; path = AppDelegate.h; sourceTree = "<group>"; };
		9E0D435E27EC5F270074B761 /* AppDelegate.m */ = {isa = PBXFileReference; lastKnownFileType = sourcecode.c.objc; path = AppDelegate.m; sourceTree = "<group>"; };
		9E0D436027EC5F270074B761 /* SceneDelegate.h */ = {isa = PBXFileReference; lastKnownFileType = sourcecode.c.h; path = SceneDelegate.h; sourceTree = "<group>"; };
		9E0D436127EC5F270074B761 /* SceneDelegate.m */ = {isa = PBXFileReference; lastKnownFileType = sourcecode.c.objc; path = SceneDelegate.m; sourceTree = "<group>"; };
		9E0D436327EC5F270074B761 /* ViewController.h */ = {isa = PBXFileReference; lastKnownFileType = sourcecode.c.h; path = ViewController.h; sourceTree = "<group>"; };
		9E0D436427EC5F270074B761 /* ViewController.m */ = {isa = PBXFileReference; lastKnownFileType = sourcecode.c.objc; path = ViewController.m; sourceTree = "<group>"; };
		9E0D436727EC5F270074B761 /* Base */ = {isa = PBXFileReference; lastKnownFileType = file.storyboard; name = Base; path = Base.lproj/Main.storyboard; sourceTree = "<group>"; };
		9E0D436927EC5F280074B761 /* Assets.xcassets */ = {isa = PBXFileReference; lastKnownFileType = folder.assetcatalog; path = Assets.xcassets; sourceTree = "<group>"; };
		9E0D436C27EC5F280074B761 /* Base */ = {isa = PBXFileReference; lastKnownFileType = file.storyboard; name = Base; path = Base.lproj/LaunchScreen.storyboard; sourceTree = "<group>"; };
		9E0D436E27EC5F280074B761 /* Info.plist */ = {isa = PBXFileReference; lastKnownFileType = text.plist.xml; path = Info.plist; sourceTree = "<group>"; };
		9E0D436F27EC5F280074B761 /* main.m */ = {isa = PBXFileReference; lastKnownFileType = sourcecode.c.objc; path = main.m; sourceTree = "<group>"; };
		9E8AB22027F144850081D9E2 /* SubjectSubController.h */ = {isa = PBXFileReference; lastKnownFileType = sourcecode.c.h; path = SubjectSubController.h; sourceTree = "<group>"; };
		9E8AB22127F144850081D9E2 /* SubjectSubController.m */ = {isa = PBXFileReference; lastKnownFileType = sourcecode.c.objc; path = SubjectSubController.m; sourceTree = "<group>"; };
		9EEE843627ED9EAC00E3E948 /* RACSubjectViewController.h */ = {isa = PBXFileReference; lastKnownFileType = sourcecode.c.h; path = RACSubjectViewController.h; sourceTree = "<group>"; };
		9EEE843727ED9EAC00E3E948 /* RACSubjectViewController.m */ = {isa = PBXFileReference; lastKnownFileType = sourcecode.c.objc; path = RACSubjectViewController.m; sourceTree = "<group>"; };
		9EEE843927ED9ED100E3E948 /* TGDataItem.h */ = {isa = PBXFileReference; lastKnownFileType = sourcecode.c.h; path = TGDataItem.h; sourceTree = "<group>"; };
		9EEE843A27ED9ED100E3E948 /* TGDataItem.m */ = {isa = PBXFileReference; lastKnownFileType = sourcecode.c.objc; path = TGDataItem.m; sourceTree = "<group>"; };
		9EEE843C27EDA7A500E3E948 /* RacListTableViewController.h */ = {isa = PBXFileReference; lastKnownFileType = sourcecode.c.h; path = RacListTableViewController.h; sourceTree = "<group>"; };
		9EEE843D27EDA7A500E3E948 /* RacListTableViewController.m */ = {isa = PBXFileReference; lastKnownFileType = sourcecode.c.objc; path = RacListTableViewController.m; sourceTree = "<group>"; };
		C4296924B4E7E804D7221DE3 /* Pods-TGObjcDemo.release.xcconfig */ = {isa = PBXFileReference; includeInIndex = 1; lastKnownFileType = text.xcconfig; name = "Pods-TGObjcDemo.release.xcconfig"; path = "Target Support Files/Pods-TGObjcDemo/Pods-TGObjcDemo.release.xcconfig"; sourceTree = "<group>"; };
		C957C4051A589FEA101BB2CC /* Pods_TGObjcDemo.framework */ = {isa = PBXFileReference; explicitFileType = wrapper.framework; includeInIndex = 0; path = Pods_TGObjcDemo.framework; sourceTree = BUILT_PRODUCTS_DIR; };
/* End PBXFileReference section */

/* Begin PBXFrameworksBuildPhase section */
		9E0D435727EC5F270074B761 /* Frameworks */ = {
			isa = PBXFrameworksBuildPhase;
			buildActionMask = 2147483647;
			files = (
				41EC2C23C70D883CAD81C70E /* Pods_TGObjcDemo.framework in Frameworks */,
			);
			runOnlyForDeploymentPostprocessing = 0;
		};
/* End PBXFrameworksBuildPhase section */

/* Begin PBXGroup section */
		4D4F1075CF88756E1ECFF5DB /* Frameworks */ = {
			isa = PBXGroup;
			children = (
				C957C4051A589FEA101BB2CC /* Pods_TGObjcDemo.framework */,
			);
			name = Frameworks;
			sourceTree = "<group>";
		};
		9E0D435127EC5F260074B761 = {
			isa = PBXGroup;
			children = (
				9E0D435C27EC5F270074B761 /* TGObjcDemo */,
				9E0D435B27EC5F270074B761 /* Products */,
				DDD1777848B2291D3A471A06 /* Pods */,
				4D4F1075CF88756E1ECFF5DB /* Frameworks */,
			);
			sourceTree = "<group>";
		};
		9E0D435B27EC5F270074B761 /* Products */ = {
			isa = PBXGroup;
			children = (
				9E0D435A27EC5F270074B761 /* TGObjcDemo.app */,
			);
			name = Products;
			sourceTree = "<group>";
		};
		9E0D435C27EC5F270074B761 /* TGObjcDemo */ = {
			isa = PBXGroup;
			children = (
				9EEE843527ED9C0900E3E948 /* Rac */,
				9E0D435D27EC5F270074B761 /* AppDelegate.h */,
				9E0D435E27EC5F270074B761 /* AppDelegate.m */,
				9E0D436027EC5F270074B761 /* SceneDelegate.h */,
				9E0D436127EC5F270074B761 /* SceneDelegate.m */,
				9EEE843927ED9ED100E3E948 /* TGDataItem.h */,
				9EEE843A27ED9ED100E3E948 /* TGDataItem.m */,
				9E0D436327EC5F270074B761 /* ViewController.h */,
				9E0D436427EC5F270074B761 /* ViewController.m */,
				9E0D436627EC5F270074B761 /* Main.storyboard */,
				9E0D436927EC5F280074B761 /* Assets.xcassets */,
				9E0D436B27EC5F280074B761 /* LaunchScreen.storyboard */,
				9E0D436E27EC5F280074B761 /* Info.plist */,
				9E0D436F27EC5F280074B761 /* main.m */,
			);
			path = TGObjcDemo;
			sourceTree = "<group>";
		};
		9EEE843527ED9C0900E3E948 /* Rac */ = {
			isa = PBXGroup;
			children = (
				9EEE843627ED9EAC00E3E948 /* RACSubjectViewController.h */,
				9EEE843727ED9EAC00E3E948 /* RACSubjectViewController.m */,
				9EEE843C27EDA7A500E3E948 /* RacListTableViewController.h */,
				9EEE843D27EDA7A500E3E948 /* RacListTableViewController.m */,
				9E8AB22027F144850081D9E2 /* SubjectSubController.h */,
				9E8AB22127F144850081D9E2 /* SubjectSubController.m */,
			);
			path = Rac;
			sourceTree = "<group>";
		};
		DDD1777848B2291D3A471A06 /* Pods */ = {
			isa = PBXGroup;
			children = (
				5E98E73A19FCA9C51AA4E0D6 /* Pods-TGObjcDemo.debug.xcconfig */,
				C4296924B4E7E804D7221DE3 /* Pods-TGObjcDemo.release.xcconfig */,
			);
			path = Pods;
			sourceTree = "<group>";
		};
/* End PBXGroup section */

/* Begin PBXNativeTarget section */
		9E0D435927EC5F270074B761 /* TGObjcDemo */ = {
			isa = PBXNativeTarget;
			buildConfigurationList = 9E0D437327EC5F280074B761 /* Build configuration list for PBXNativeTarget "TGObjcDemo" */;
			buildPhases = (
				310F8F4492E8237F207323CB /* [CP] Check Pods Manifest.lock */,
				9E0D435627EC5F270074B761 /* Sources */,
				9E0D435727EC5F270074B761 /* Frameworks */,
				9E0D435827EC5F270074B761 /* Resources */,
				9DF8BF4B624625E98C6BFEEF /* [CP] Embed Pods Frameworks */,
			);
			buildRules = (
			);
			dependencies = (
			);
			name = TGObjcDemo;
			productName = TGObjcDemo;
			productReference = 9E0D435A27EC5F270074B761 /* TGObjcDemo.app */;
			productType = "com.apple.product-type.application";
		};
/* End PBXNativeTarget section */

/* Begin PBXProject section */
		9E0D435227EC5F260074B761 /* Project object */ = {
			isa = PBXProject;
			attributes = {
				BuildIndependentTargetsInParallel = 1;
				LastUpgradeCheck = 1330;
				TargetAttributes = {
					9E0D435927EC5F270074B761 = {
						CreatedOnToolsVersion = 13.3;
					};
				};
			};
			buildConfigurationList = 9E0D435527EC5F260074B761 /* Build configuration list for PBXProject "TGObjcDemo" */;
			compatibilityVersion = "Xcode 13.0";
			developmentRegion = en;
			hasScannedForEncodings = 0;
			knownRegions = (
				en,
				Base,
			);
			mainGroup = 9E0D435127EC5F260074B761;
			productRefGroup = 9E0D435B27EC5F270074B761 /* Products */;
			projectDirPath = "";
			projectRoot = "";
			targets = (
				9E0D435927EC5F270074B761 /* TGObjcDemo */,
			);
		};
/* End PBXProject section */

/* Begin PBXResourcesBuildPhase section */
		9E0D435827EC5F270074B761 /* Resources */ = {
			isa = PBXResourcesBuildPhase;
			buildActionMask = 2147483647;
			files = (
				9E0D436D27EC5F280074B761 /* LaunchScreen.storyboard in Resources */,
				9E0D436A27EC5F280074B761 /* Assets.xcassets in Resources */,
				9E0D436827EC5F270074B761 /* Main.storyboard in Resources */,
			);
			runOnlyForDeploymentPostprocessing = 0;
		};
/* End PBXResourcesBuildPhase section */

/* Begin PBXShellScriptBuildPhase section */
		310F8F4492E8237F207323CB /* [CP] Check Pods Manifest.lock */ = {
			isa = PBXShellScriptBuildPhase;
			buildActionMask = 2147483647;
			files = (
			);
			inputFileListPaths = (
			);
			inputPaths = (
				"${PODS_PODFILE_DIR_PATH}/Podfile.lock",
				"${PODS_ROOT}/Manifest.lock",
			);
			name = "[CP] Check Pods Manifest.lock";
			outputFileListPaths = (
			);
			outputPaths = (
				"$(DERIVED_FILE_DIR)/Pods-TGObjcDemo-checkManifestLockResult.txt",
			);
			runOnlyForDeploymentPostprocessing = 0;
			shellPath = /bin/sh;
			shellScript = "diff \"${PODS_PODFILE_DIR_PATH}/Podfile.lock\" \"${PODS_ROOT}/Manifest.lock\" > /dev/null\nif [ $? != 0 ] ; then\n    # print error to STDERR\n    echo \"error: The sandbox is not in sync with the Podfile.lock. Run 'pod install' or update your CocoaPods installation.\" >&2\n    exit 1\nfi\n# This output is used by Xcode 'outputs' to avoid re-running this script phase.\necho \"SUCCESS\" > \"${SCRIPT_OUTPUT_FILE_0}\"\n";
			showEnvVarsInLog = 0;
		};
		9DF8BF4B624625E98C6BFEEF /* [CP] Embed Pods Frameworks */ = {
			isa = PBXShellScriptBuildPhase;
			buildActionMask = 2147483647;
			files = (
			);
			inputFileListPaths = (
				"${PODS_ROOT}/Target Support Files/Pods-TGObjcDemo/Pods-TGObjcDemo-frameworks-${CONFIGURATION}-input-files.xcfilelist",
			);
			name = "[CP] Embed Pods Frameworks";
			outputFileListPaths = (
				"${PODS_ROOT}/Target Support Files/Pods-TGObjcDemo/Pods-TGObjcDemo-frameworks-${CONFIGURATION}-output-files.xcfilelist",
			);
			runOnlyForDeploymentPostprocessing = 0;
			shellPath = /bin/sh;
			shellScript = "\"${PODS_ROOT}/Target Support Files/Pods-TGObjcDemo/Pods-TGObjcDemo-frameworks.sh\"\n";
			showEnvVarsInLog = 0;
		};
/* End PBXShellScriptBuildPhase section */

/* Begin PBXSourcesBuildPhase section */
		9E0D435627EC5F270074B761 /* Sources */ = {
			isa = PBXSourcesBuildPhase;
			buildActionMask = 2147483647;
			files = (
				9E0D436527EC5F270074B761 /* ViewController.m in Sources */,
				9EEE843B27ED9ED100E3E948 /* TGDataItem.m in Sources */,
				9EEE843E27EDA7A500E3E948 /* RacListTableViewController.m in Sources */,
				9E0D435F27EC5F270074B761 /* AppDelegate.m in Sources */,
				9E0D437027EC5F280074B761 /* main.m in Sources */,
				9EEE843827ED9EAC00E3E948 /* RACSubjectViewController.m in Sources */,
				9E0D436227EC5F270074B761 /* SceneDelegate.m in Sources */,
				9E8AB22227F144850081D9E2 /* SubjectSubController.m in Sources */,
			);
			runOnlyForDeploymentPostprocessing = 0;
		};
/* End PBXSourcesBuildPhase section */

/* Begin PBXVariantGroup section */
		9E0D436627EC5F270074B761 /* Main.storyboard */ = {
			isa = PBXVariantGroup;
			children = (
				9E0D436727EC5F270074B761 /* Base */,
			);
			name = Main.storyboard;
			sourceTree = "<group>";
		};
		9E0D436B27EC5F280074B761 /* LaunchScreen.storyboard */ = {
			isa = PBXVariantGroup;
			children = (
				9E0D436C27EC5F280074B761 /* Base */,
			);
			name = LaunchScreen.storyboard;
			sourceTree = "<group>";
		};
/* End PBXVariantGroup section */

/* Begin XCBuildConfiguration section */
		9E0D437127EC5F280074B761 /* Debug */ = {
			isa = XCBuildConfiguration;
			buildSettings = {
				ALWAYS_SEARCH_USER_PATHS = NO;
				CLANG_ANALYZER_NONNULL = YES;
				CLANG_ANALYZER_NUMBER_OBJECT_CONVERSION = YES_AGGRESSIVE;
				CLANG_CXX_LANGUAGE_STANDARD = "gnu++17";
				CLANG_ENABLE_MODULES = YES;
				CLANG_ENABLE_OBJC_ARC = YES;
				CLANG_ENABLE_OBJC_WEAK = YES;
				CLANG_WARN_BLOCK_CAPTURE_AUTORELEASING = YES;
				CLANG_WARN_BOOL_CONVERSION = YES;
				CLANG_WARN_COMMA = YES;
				CLANG_WARN_CONSTANT_CONVERSION = YES;
				CLANG_WARN_DEPRECATED_OBJC_IMPLEMENTATIONS = YES;
				CLANG_WARN_DIRECT_OBJC_ISA_USAGE = YES_ERROR;
				CLANG_WARN_DOCUMENTATION_COMMENTS = YES;
				CLANG_WARN_EMPTY_BODY = YES;
				CLANG_WARN_ENUM_CONVERSION = YES;
				CLANG_WARN_INFINITE_RECURSION = YES;
				CLANG_WARN_INT_CONVERSION = YES;
				CLANG_WARN_NON_LITERAL_NULL_CONVERSION = YES;
				CLANG_WARN_OBJC_IMPLICIT_RETAIN_SELF = YES;
				CLANG_WARN_OBJC_LITERAL_CONVERSION = YES;
				CLANG_WARN_OBJC_ROOT_CLASS = YES_ERROR;
				CLANG_WARN_QUOTED_INCLUDE_IN_FRAMEWORK_HEADER = YES;
				CLANG_WARN_RANGE_LOOP_ANALYSIS = YES;
				CLANG_WARN_STRICT_PROTOTYPES = YES;
				CLANG_WARN_SUSPICIOUS_MOVE = YES;
				CLANG_WARN_UNGUARDED_AVAILABILITY = YES_AGGRESSIVE;
				CLANG_WARN_UNREACHABLE_CODE = YES;
				CLANG_WARN__DUPLICATE_METHOD_MATCH = YES;
				COPY_PHASE_STRIP = NO;
				DEBUG_INFORMATION_FORMAT = dwarf;
				ENABLE_STRICT_OBJC_MSGSEND = YES;
				ENABLE_TESTABILITY = YES;
				GCC_C_LANGUAGE_STANDARD = gnu11;
				GCC_DYNAMIC_NO_PIC = NO;
				GCC_NO_COMMON_BLOCKS = YES;
				GCC_OPTIMIZATION_LEVEL = 0;
				GCC_PREPROCESSOR_DEFINITIONS = (
					"DEBUG=1",
					"$(inherited)",
				);
				GCC_WARN_64_TO_32_BIT_CONVERSION = YES;
				GCC_WARN_ABOUT_RETURN_TYPE = YES_ERROR;
				GCC_WARN_UNDECLARED_SELECTOR = YES;
				GCC_WARN_UNINITIALIZED_AUTOS = YES_AGGRESSIVE;
				GCC_WARN_UNUSED_FUNCTION = YES;
				GCC_WARN_UNUSED_VARIABLE = YES;
				IPHONEOS_DEPLOYMENT_TARGET = 15.4;
				MTL_ENABLE_DEBUG_INFO = INCLUDE_SOURCE;
				MTL_FAST_MATH = YES;
				ONLY_ACTIVE_ARCH = YES;
				SDKROOT = iphoneos;
			};
			name = Debug;
		};
		9E0D437227EC5F280074B761 /* Release */ = {
			isa = XCBuildConfiguration;
			buildSettings = {
				ALWAYS_SEARCH_USER_PATHS = NO;
				CLANG_ANALYZER_NONNULL = YES;
				CLANG_ANALYZER_NUMBER_OBJECT_CONVERSION = YES_AGGRESSIVE;
				CLANG_CXX_LANGUAGE_STANDARD = "gnu++17";
				CLANG_ENABLE_MODULES = YES;
				CLANG_ENABLE_OBJC_ARC = YES;
				CLANG_ENABLE_OBJC_WEAK = YES;
				CLANG_WARN_BLOCK_CAPTURE_AUTORELEASING = YES;
				CLANG_WARN_BOOL_CONVERSION = YES;
				CLANG_WARN_COMMA = YES;
				CLANG_WARN_CONSTANT_CONVERSION = YES;
				CLANG_WARN_DEPRECATED_OBJC_IMPLEMENTATIONS = YES;
				CLANG_WARN_DIRECT_OBJC_ISA_USAGE = YES_ERROR;
				CLANG_WARN_DOCUMENTATION_COMMENTS = YES;
				CLANG_WARN_EMPTY_BODY = YES;
				CLANG_WARN_ENUM_CONVERSION = YES;
				CLANG_WARN_INFINITE_RECURSION = YES;
				CLANG_WARN_INT_CONVERSION = YES;
				CLANG_WARN_NON_LITERAL_NULL_CONVERSION = YES;
				CLANG_WARN_OBJC_IMPLICIT_RETAIN_SELF = YES;
				CLANG_WARN_OBJC_LITERAL_CONVERSION = YES;
				CLANG_WARN_OBJC_ROOT_CLASS = YES_ERROR;
				CLANG_WARN_QUOTED_INCLUDE_IN_FRAMEWORK_HEADER = YES;
				CLANG_WARN_RANGE_LOOP_ANALYSIS = YES;
				CLANG_WARN_STRICT_PROTOTYPES = YES;
				CLANG_WARN_SUSPICIOUS_MOVE = YES;
				CLANG_WARN_UNGUARDED_AVAILABILITY = YES_AGGRESSIVE;
				CLANG_WARN_UNREACHABLE_CODE = YES;
				CLANG_WARN__DUPLICATE_METHOD_MATCH = YES;
				COPY_PHASE_STRIP = NO;
				DEBUG_INFORMATION_FORMAT = "dwarf-with-dsym";
				ENABLE_NS_ASSERTIONS = NO;
				ENABLE_STRICT_OBJC_MSGSEND = YES;
				GCC_C_LANGUAGE_STANDARD = gnu11;
				GCC_NO_COMMON_BLOCKS = YES;
				GCC_WARN_64_TO_32_BIT_CONVERSION = YES;
				GCC_WARN_ABOUT_RETURN_TYPE = YES_ERROR;
				GCC_WARN_UNDECLARED_SELECTOR = YES;
				GCC_WARN_UNINITIALIZED_AUTOS = YES_AGGRESSIVE;
				GCC_WARN_UNUSED_FUNCTION = YES;
				GCC_WARN_UNUSED_VARIABLE = YES;
				IPHONEOS_DEPLOYMENT_TARGET = 15.4;
				MTL_ENABLE_DEBUG_INFO = NO;
				MTL_FAST_MATH = YES;
				SDKROOT = iphoneos;
				VALIDATE_PRODUCT = YES;
			};
			name = Release;
		};
		9E0D437427EC5F280074B761 /* Debug */ = {
			isa = XCBuildConfiguration;
			baseConfigurationReference = 5E98E73A19FCA9C51AA4E0D6 /* Pods-TGObjcDemo.debug.xcconfig */;
			buildSettings = {
				ASSETCATALOG_COMPILER_APPICON_NAME = AppIcon;
				ASSETCATALOG_COMPILER_GLOBAL_ACCENT_COLOR_NAME = AccentColor;
				CODE_SIGN_STYLE = Automatic;
				CURRENT_PROJECT_VERSION = 1;
				GENERATE_INFOPLIST_FILE = YES;
				INFOPLIST_FILE = TGObjcDemo/Info.plist;
				INFOPLIST_KEY_UIApplicationSupportsIndirectInputEvents = YES;
				INFOPLIST_KEY_UILaunchStoryboardName = LaunchScreen;
				INFOPLIST_KEY_UIMainStoryboardFile = Main;
				INFOPLIST_KEY_UISupportedInterfaceOrientations_iPad = "UIInterfaceOrientationPortrait UIInterfaceOrientationPortraitUpsideDown UIInterfaceOrientationLandscapeLeft UIInterfaceOrientationLandscapeRight";
				INFOPLIST_KEY_UISupportedInterfaceOrientations_iPhone = "UIInterfaceOrientationPortrait UIInterfaceOrientationLandscapeLeft UIInterfaceOrientationLandscapeRight";
				LD_RUNPATH_SEARCH_PATHS = (
					"$(inherited)",
					"@executable_path/Frameworks",
				);
				MARKETING_VERSION = 1.0;
				PRODUCT_BUNDLE_IDENTIFIER = com.tangge.TGObjcDemo;
				PRODUCT_NAME = "$(TARGET_NAME)";
				SWIFT_EMIT_LOC_STRINGS = YES;
				TARGETED_DEVICE_FAMILY = "1,2";
			};
			name = Debug;
		};
		9E0D437527EC5F280074B761 /* Release */ = {
			isa = XCBuildConfiguration;
			baseConfigurationReference = C4296924B4E7E804D7221DE3 /* Pods-TGObjcDemo.release.xcconfig */;
			buildSettings = {
				ASSETCATALOG_COMPILER_APPICON_NAME = AppIcon;
				ASSETCATALOG_COMPILER_GLOBAL_ACCENT_COLOR_NAME = AccentColor;
				CODE_SIGN_STYLE = Automatic;
				CURRENT_PROJECT_VERSION = 1;
				GENERATE_INFOPLIST_FILE = YES;
				INFOPLIST_FILE = TGObjcDemo/Info.plist;
				INFOPLIST_KEY_UIApplicationSupportsIndirectInputEvents = YES;
				INFOPLIST_KEY_UILaunchStoryboardName = LaunchScreen;
				INFOPLIST_KEY_UIMainStoryboardFile = Main;
				INFOPLIST_KEY_UISupportedInterfaceOrientations_iPad = "UIInterfaceOrientationPortrait UIInterfaceOrientationPortraitUpsideDown UIInterfaceOrientationLandscapeLeft UIInterfaceOrientationLandscapeRight";
				INFOPLIST_KEY_UISupportedInterfaceOrientations_iPhone = "UIInterfaceOrientationPortrait UIInterfaceOrientationLandscapeLeft UIInterfaceOrientationLandscapeRight";
				LD_RUNPATH_SEARCH_PATHS = (
					"$(inherited)",
					"@executable_path/Frameworks",
				);
				MARKETING_VERSION = 1.0;
				PRODUCT_BUNDLE_IDENTIFIER = com.tangge.TGObjcDemo;
				PRODUCT_NAME = "$(TARGET_NAME)";
				SWIFT_EMIT_LOC_STRINGS = YES;
				TARGETED_DEVICE_FAMILY = "1,2";
			};
			name = Release;
		};
/* End XCBuildConfiguration section */

/* Begin XCConfigurationList section */
		9E0D435527EC5F260074B761 /* Build configuration list for PBXProject "TGObjcDemo" */ = {
			isa = XCConfigurationList;
			buildConfigurations = (
				9E0D437127EC5F280074B761 /* Debug */,
				9E0D437227EC5F280074B761 /* Release */,
			);
			defaultConfigurationIsVisible = 0;
			defaultConfigurationName = Release;
		};
		9E0D437327EC5F280074B761 /* Build configuration list for PBXNativeTarget "TGObjcDemo" */ = {
			isa = XCConfigurationList;
			buildConfigurations = (
				9E0D437427EC5F280074B761 /* Debug */,
				9E0D437527EC5F280074B761 /* Release */,
			);
			defaultConfigurationIsVisible = 0;
			defaultConfigurationName = Release;
		};
/* End XCConfigurationList section */
	};
	rootObject = 9E0D435227EC5F260074B761 /* Project object */;
}
